
Microsoft Visual Studio Solution File, Format Version 12.00
# Visual Studio Version 17
VisualStudioVersion = 17.4.33110.190
MinimumVisualStudioVersion = 10.0.40219.1
Project("{FAE04EC0-301F-11D3-BF4B-00C04F79EFBC}") = "Geography Quiz Game", "Geography Quiz Game\Geography Quiz Game.csproj", "{C5FB4560-4691-4E23-844F-9CA6F32C3B33}"
EndProject
Global
	GlobalSection(SolutionConfigurationPlatforms) = preSolution
		Debug|Any CPU = Debug|Any CPU
		Release|Any CPU = Release|Any CPU
	EndGlobalSection
	GlobalSection(ProjectConfigurationPlatforms) = postSolution
		{C5FB4560-4691-4E23-844F-9CA6F32C3B33}.Debug|Any CPU.ActiveCfg = Debug|Any CPU
		{C5FB4560-4691-4E23-844F-9CA6F32C3B33}.Debug|Any CPU.Build.0 = Debug|Any CPU
		{C5FB4560-4691-4E23-844F-9CA6F32C3B33}.Release|Any CPU.ActiveCfg = Release|Any CPU
		{C5FB4560-4691-4E23-844F-9CA6F32C3B33}.Release|Any CPU.Build.0 = Release|Any CPU
	EndGlobalSection
	GlobalSection(SolutionProperties) = preSolution
		HideSolutionNode = FALSE
	EndGlobalSection
	GlobalSection(ExtensibilityGlobals) = postSolution
		SolutionGuid = {C6597FD6-060D-4A25-BEC9-94A54EB7CB31}
	EndGlobalSection
EndGlobal
